
Microsoft Visual Studio Solution File, Format Version 12.00
# Visual Studio Version 16
VisualStudioVersion = 16.0.30011.22
MinimumVisualStudioVersion = 10.0.40219.1
Project("{9A19103F-16F7-4668-BE54-9A1E7A4F7556}") = "Hello", "Hello\Hello.csproj", "{E4C12314-C1BD-42C5-8291-4308847189C2}"
EndProject
Project("{9A19103F-16F7-4668-BE54-9A1E7A4F7556}") = "Ifelse", "Ifelse\Ifelse.csproj", "{F985FD22-F5B1-4B93-91FB-30DF0BC9DE58}"
EndProject
Project("{9A19103F-16F7-4668-BE54-9A1E7A4F7556}") = "InOutput", "InOutput\InOutput.csproj", "{00209B47-3D0A-4846-ACF8-9E20260AA9F6}"
EndProject
Project("{9A19103F-16F7-4668-BE54-9A1E7A4F7556}") = "For99Loop", "For99Loop\For99Loop.csproj", "{30476055-756A-47B1-BE26-E27089C6A7B2}"
EndProject
Project("{9A19103F-16F7-4668-BE54-9A1E7A4F7556}") = "Encapsulation", "Encapsulation\Encapsulation.csproj", "{3C4E7A0B-A480-49BC-8067-EB7D61AF7A03}"
EndProject
Project("{FAE04EC0-301F-11D3-BF4B-00C04F79EFBC}") = "Decision", "Decision\Decision.csproj", "{7800C863-869F-49BA-AE73-8EE6C40C084F}"
EndProject
Global
	GlobalSection(SolutionConfigurationPlatforms) = preSolution
		Debug|Any CPU = Debug|Any CPU
		Release|Any CPU = Release|Any CPU
	EndGlobalSection
	GlobalSection(ProjectConfigurationPlatforms) = postSolution
		{E4C12314-C1BD-42C5-8291-4308847189C2}.Debug|Any CPU.ActiveCfg = Debug|Any CPU
		{E4C12314-C1BD-42C5-8291-4308847189C2}.Debug|Any CPU.Build.0 = Debug|Any CPU
		{E4C12314-C1BD-42C5-8291-4308847189C2}.Release|Any CPU.ActiveCfg = Release|Any CPU
		{E4C12314-C1BD-42C5-8291-4308847189C2}.Release|Any CPU.Build.0 = Release|Any CPU
		{F985FD22-F5B1-4B93-91FB-30DF0BC9DE58}.Debug|Any CPU.ActiveCfg = Debug|Any CPU
		{F985FD22-F5B1-4B93-91FB-30DF0BC9DE58}.Debug|Any CPU.Build.0 = Debug|Any CPU
		{F985FD22-F5B1-4B93-91FB-30DF0BC9DE58}.Release|Any CPU.ActiveCfg = Release|Any CPU
		{F985FD22-F5B1-4B93-91FB-30DF0BC9DE58}.Release|Any CPU.Build.0 = Release|Any CPU
		{00209B47-3D0A-4846-ACF8-9E20260AA9F6}.Debug|Any CPU.ActiveCfg = Debug|Any CPU
		{00209B47-3D0A-4846-ACF8-9E20260AA9F6}.Debug|Any CPU.Build.0 = Debug|Any CPU
		{00209B47-3D0A-4846-ACF8-9E20260AA9F6}.Release|Any CPU.ActiveCfg = Release|Any CPU
		{00209B47-3D0A-4846-ACF8-9E20260AA9F6}.Release|Any CPU.Build.0 = Release|Any CPU
		{30476055-756A-47B1-BE26-E27089C6A7B2}.Debug|Any CPU.ActiveCfg = Debug|Any CPU
		{30476055-756A-47B1-BE26-E27089C6A7B2}.Debug|Any CPU.Build.0 = Debug|Any CPU
		{30476055-756A-47B1-BE26-E27089C6A7B2}.Release|Any CPU.ActiveCfg = Release|Any CPU
		{30476055-756A-47B1-BE26-E27089C6A7B2}.Release|Any CPU.Build.0 = Release|Any CPU
		{3C4E7A0B-A480-49BC-8067-EB7D61AF7A03}.Debug|Any CPU.ActiveCfg = Debug|Any CPU
		{3C4E7A0B-A480-49BC-8067-EB7D61AF7A03}.Debug|Any CPU.Build.0 = Debug|Any CPU
		{3C4E7A0B-A480-49BC-8067-EB7D61AF7A03}.Release|Any CPU.ActiveCfg = Release|Any CPU
		{3C4E7A0B-A480-49BC-8067-EB7D61AF7A03}.Release|Any CPU.Build.0 = Release|Any CPU
		{7800C863-869F-49BA-AE73-8EE6C40C084F}.Debug|Any CPU.ActiveCfg = Debug|Any CPU
		{7800C863-869F-49BA-AE73-8EE6C40C084F}.Debug|Any CPU.Build.0 = Debug|Any CPU
		{7800C863-869F-49BA-AE73-8EE6C40C084F}.Release|Any CPU.ActiveCfg = Release|Any CPU
		{7800C863-869F-49BA-AE73-8EE6C40C084F}.Release|Any CPU.Build.0 = Release|Any CPU
	EndGlobalSection
	GlobalSection(SolutionProperties) = preSolution
		HideSolutionNode = FALSE
	EndGlobalSection
	GlobalSection(ExtensibilityGlobals) = postSolution
		SolutionGuid = {F83D996E-F8E5-4749-B25D-8EF0469E16B4}
	EndGlobalSection
EndGlobal
